Microsoft Visual Studio Solution File, Format Version 11.00
# Visual Studio 2008

Project("{D6F05A1F-EB1F-6283-2826-0544E85276C5}") = "GAM150-Project1-2", "Assembly-CSharp.csproj", "{925A4A3B-557B-65F3-9EB4-EA9841230967}"
EndProject
Global
	GlobalSection(SolutionConfigurationPlatforms) = preSolution
		Debug|Any CPU = Debug|Any CPU
		Release|Any CPU = Release|Any CPU
	EndGlobalSection
	GlobalSection(ProjectConfigurationPlatforms) = postSolution
		{925A4A3B-557B-65F3-9EB4-EA9841230967}.Debug|Any CPU.ActiveCfg = Debug|Any CPU
		{925A4A3B-557B-65F3-9EB4-EA9841230967}.Debug|Any CPU.Build.0 = Debug|Any CPU
		{925A4A3B-557B-65F3-9EB4-EA9841230967}.Release|Any CPU.ActiveCfg = Release|Any CPU
		{925A4A3B-557B-65F3-9EB4-EA9841230967}.Release|Any CPU.Build.0 = Release|Any CPU
	EndGlobalSection
	GlobalSection(SolutionProperties) = preSolution
		HideSolutionNode = FALSE
	EndGlobalSection
	GlobalSection(MonoDevelopProperties) = preSolution
		StartupItem = Assembly-CSharp.csproj
	EndGlobalSection
EndGlobal
